
Microsoft Visual Studio Solution File, Format Version 12.00
# Visual Studio Version 17
VisualStudioVersion = 17.10.34916.146
MinimumVisualStudioVersion = 10.0.40219.1
Project("{FAE04EC0-301F-11D3-BF4B-00C04F79EFBC}") = "Agenda_Consultorio", "Agenda_Consultorio.csproj", "{A5402CD3-AFE2-4549-B436-FD5778027C04}"
EndProject
Global
	GlobalSection(SolutionConfigurationPlatforms) = preSolution
		Debug|Any CPU = Debug|Any CPU
		Release|Any CPU = Release|Any CPU
	EndGlobalSection
	GlobalSection(ProjectConfigurationPlatforms) = postSolution
		{A5402CD3-AFE2-4549-B436-FD5778027C04}.Debug|Any CPU.ActiveCfg = Debug|Any CPU
		{A5402CD3-AFE2-4549-B436-FD5778027C04}.Debug|Any CPU.Build.0 = Debug|Any CPU
		{A5402CD3-AFE2-4549-B436-FD5778027C04}.Release|Any CPU.ActiveCfg = Release|Any CPU
		{A5402CD3-AFE2-4549-B436-FD5778027C04}.Release|Any CPU.Build.0 = Release|Any CPU
	EndGlobalSection
	GlobalSection(SolutionProperties) = preSolution
		HideSolutionNode = FALSE
	EndGlobalSection
	GlobalSection(ExtensibilityGlobals) = postSolution
		SolutionGuid = {9ABCC197-EB5D-4E6E-8EE9-84BA06F28A23}
	EndGlobalSection
EndGlobal
